
Microsoft Visual Studio Solution File, Format Version 12.00
# Visual Studio 15
VisualStudioVersion = 15.0.28307.329
MinimumVisualStudioVersion = 10.0.40219.1
Project("{9A19103F-16F7-4668-BE54-9A1E7A4F7556}") = "ARSoft.Tools.Net.Core", "ARSoft.Tools.Net.Core\ARSoft.Tools.Net.Core.csproj", "{E07613E9-22D4-4750-9B91-1D73824C7448}"
EndProject
Global
	GlobalSection(SolutionConfigurationPlatforms) = preSolution
		Debug|Any CPU = Debug|Any CPU
		Release|Any CPU = Release|Any CPU
	EndGlobalSection
	GlobalSection(ProjectConfigurationPlatforms) = postSolution
		{E07613E9-22D4-4750-9B91-1D73824C7448}.Debug|Any CPU.ActiveCfg = Debug|Any CPU
		{E07613E9-22D4-4750-9B91-1D73824C7448}.Debug|Any CPU.Build.0 = Debug|Any CPU
		{E07613E9-22D4-4750-9B91-1D73824C7448}.Release|Any CPU.ActiveCfg = Release|Any CPU
		{E07613E9-22D4-4750-9B91-1D73824C7448}.Release|Any CPU.Build.0 = Release|Any CPU
	EndGlobalSection
	GlobalSection(SolutionProperties) = preSolution
		HideSolutionNode = FALSE
	EndGlobalSection
	GlobalSection(ExtensibilityGlobals) = postSolution
		SolutionGuid = {01C11668-AFD9-45AB-9D8C-6632DCC2601C}
	EndGlobalSection
EndGlobal
